
Microsoft Visual Studio Solution File, Format Version 9.00
# Visual Studio 2005
Project("{8BC9CEB8-8B4A-11D0-8D11-00A0C91BC942}") = "flybot", "flybot\flybot.vcproj", "{79C351C6-2A15-4B3E-8847-33CB5F248B95}"
EndProject
Global
	GlobalSection(SubversionScc) = preSolution
		Svn-Managed = True
		Manager = AnkhSVN - Subversion Support for Visual Studio
	EndGlobalSection
	GlobalSection(SolutionConfigurationPlatforms) = preSolution
		Debug|Win32 = Debug|Win32
		Release|Win32 = Release|Win32
	EndGlobalSection
	GlobalSection(ProjectConfigurationPlatforms) = postSolution
		{79C351C6-2A15-4B3E-8847-33CB5F248B95}.Debug|Win32.ActiveCfg = Debug|Win32
		{79C351C6-2A15-4B3E-8847-33CB5F248B95}.Debug|Win32.Build.0 = Debug|Win32
		{79C351C6-2A15-4B3E-8847-33CB5F248B95}.Release|Win32.ActiveCfg = Release|Win32
		{79C351C6-2A15-4B3E-8847-33CB5F248B95}.Release|Win32.Build.0 = Release|Win32
	EndGlobalSection
	GlobalSection(SolutionProperties) = preSolution
		HideSolutionNode = FALSE
	EndGlobalSection
EndGlobal
